{
  "nodes": {
    "flake-utils": {
      "locked": {
        "lastModified": 1659877975,
        "narHash": "sha256-zllb8aq3YO3h8B/U0/J1WBgAL8EX5yWf5pMj3G0NAmc=",
        "owner": "numtide",
        "repo": "flake-utils",
        "rev": "c0e246b9b83f637f4681389ecabcb2681b4f3af0",
        "type": "github"
      },
      "original": {
        "owner": "numtide",
        "repo": "flake-utils",
        "type": "github"
      }
    },
    "flake-utils_2": {
      "locked": {
        "lastModified": 1659877975,
        "narHash": "sha256-zllb8aq3YO3h8B/U0/J1WBgAL8EX5yWf5pMj3G0NAmc=",
        "owner": "numtide",
        "repo": "flake-utils",
        "rev": "c0e246b9b83f637f4681389ecabcb2681b4f3af0",
        "type": "github"
      },
      "original": {
        "owner": "numtide",
        "repo": "flake-utils",
        "type": "github"
      }
    },
    "move-nix": {
      "inputs": {
        "flake-utils": "flake-utils_2",
        "nixpkgs": "nixpkgs"
      },
      "locked": {
        "lastModified": 1661280317,
        "narHash": "sha256-0uQhaJY6Nz73lDZ8An6YHfpbUAN4H0CNfzfST5Jx304=",
        "owner": "movingco",
        "repo": "move.nix",
        "rev": "656ba5d492a525cb30612be304516e45c1f2c3b0",
        "type": "github"
      },
      "original": {
        "owner": "movingco",
        "repo": "move.nix",
        "type": "github"
      }
    },
    "nixpkgs": {
      "locked": {
        "lastModified": 1660607161,
        "narHash": "sha256-wFM5Jcu+y2Rd07b4D9xwiVG/9snF64es8uu82MAysqs=",
        "owner": "NixOS",
        "repo": "nixpkgs",
        "rev": "a093c35beee0a64ad68312d747a4c49eaa5b1105",
        "type": "github"
      },
      "original": {
        "owner": "NixOS",
        "ref": "nixpkgs-unstable",
        "repo": "nixpkgs",
        "type": "github"
      }
    },
    "nixpkgs_2": {
      "locked": {
        "lastModified": 1661239106,
        "narHash": "sha256-C5OCLnrv2c4CHs9DMEtYKkjJmGL7ySAZ1PqPkHBonxQ=",
        "owner": "NixOS",
        "repo": "nixpkgs",
        "rev": "963d27a0767422be9b8686a8493dcade6acee992",
        "type": "github"
      },
      "original": {
        "owner": "NixOS",
        "ref": "nixpkgs-unstable",
        "repo": "nixpkgs",
        "type": "github"
      }
    },
    "root": {
      "inputs": {
        "flake-utils": "flake-utils",
        "move-nix": "move-nix",
        "nixpkgs": "nixpkgs_2"
      }
    }
  },
  "root": "root",
  "version": 7
}
